
Microsoft Visual Studio Solution File, Format Version 12.00
# Visual Studio Version 17
VisualStudioVersion = 17.4.33213.308
MinimumVisualStudioVersion = 10.0.40219.1
Project("{FAE04EC0-301F-11D3-BF4B-00C04F79EFBC}") = "Opgave1", "Opgave1.csproj", "{D5ABDEFB-6F24-48A1-8566-BB3D7F013E91}"
EndProject
Global
	GlobalSection(SolutionConfigurationPlatforms) = preSolution
		Debug|Any CPU = Debug|Any CPU
		Release|Any CPU = Release|Any CPU
	EndGlobalSection
	GlobalSection(ProjectConfigurationPlatforms) = postSolution
		{D5ABDEFB-6F24-48A1-8566-BB3D7F013E91}.Debug|Any CPU.ActiveCfg = Debug|Any CPU
		{D5ABDEFB-6F24-48A1-8566-BB3D7F013E91}.Debug|Any CPU.Build.0 = Debug|Any CPU
		{D5ABDEFB-6F24-48A1-8566-BB3D7F013E91}.Release|Any CPU.ActiveCfg = Release|Any CPU
		{D5ABDEFB-6F24-48A1-8566-BB3D7F013E91}.Release|Any CPU.Build.0 = Release|Any CPU
	EndGlobalSection
	GlobalSection(SolutionProperties) = preSolution
		HideSolutionNode = FALSE
	EndGlobalSection
	GlobalSection(ExtensibilityGlobals) = postSolution
		SolutionGuid = {7D01D92F-DC1F-4BED-BEB4-9C5AE617C6A6}
	EndGlobalSection
EndGlobal
