
Microsoft Visual Studio Solution File, Format Version 12.00
# Visual Studio Version 17
VisualStudioVersion = 17.4.33213.308
MinimumVisualStudioVersion = 10.0.40219.1
Project("{FAE04EC0-301F-11D3-BF4B-00C04F79EFBC}") = "Opgave3", "Opgave3.csproj", "{6F694D30-FE28-4E13-8601-BFEAEAF21648}"
EndProject
Global
	GlobalSection(SolutionConfigurationPlatforms) = preSolution
		Debug|Any CPU = Debug|Any CPU
		Release|Any CPU = Release|Any CPU
	EndGlobalSection
	GlobalSection(ProjectConfigurationPlatforms) = postSolution
		{6F694D30-FE28-4E13-8601-BFEAEAF21648}.Debug|Any CPU.ActiveCfg = Debug|Any CPU
		{6F694D30-FE28-4E13-8601-BFEAEAF21648}.Debug|Any CPU.Build.0 = Debug|Any CPU
		{6F694D30-FE28-4E13-8601-BFEAEAF21648}.Release|Any CPU.ActiveCfg = Release|Any CPU
		{6F694D30-FE28-4E13-8601-BFEAEAF21648}.Release|Any CPU.Build.0 = Release|Any CPU
	EndGlobalSection
	GlobalSection(SolutionProperties) = preSolution
		HideSolutionNode = FALSE
	EndGlobalSection
	GlobalSection(ExtensibilityGlobals) = postSolution
		SolutionGuid = {30D9F39A-3220-4B00-AE44-05010F6BF9C6}
	EndGlobalSection
EndGlobal
